
Microsoft Visual Studio Solution File, Format Version 12.00
# Visual Studio Version 17
VisualStudioVersion = 17.4.33213.308
MinimumVisualStudioVersion = 10.0.40219.1
Project("{FAE04EC0-301F-11D3-BF4B-00C04F79EFBC}") = "number", "number.csproj", "{DB41BE7F-8920-4277-9C9E-5E1A64805A7B}"
EndProject
Global
	GlobalSection(SolutionConfigurationPlatforms) = preSolution
		Debug|Any CPU = Debug|Any CPU
		Release|Any CPU = Release|Any CPU
	EndGlobalSection
	GlobalSection(ProjectConfigurationPlatforms) = postSolution
		{DB41BE7F-8920-4277-9C9E-5E1A64805A7B}.Debug|Any CPU.ActiveCfg = Debug|Any CPU
		{DB41BE7F-8920-4277-9C9E-5E1A64805A7B}.Debug|Any CPU.Build.0 = Debug|Any CPU
		{DB41BE7F-8920-4277-9C9E-5E1A64805A7B}.Release|Any CPU.ActiveCfg = Release|Any CPU
		{DB41BE7F-8920-4277-9C9E-5E1A64805A7B}.Release|Any CPU.Build.0 = Release|Any CPU
	EndGlobalSection
	GlobalSection(SolutionProperties) = preSolution
		HideSolutionNode = FALSE
	EndGlobalSection
	GlobalSection(ExtensibilityGlobals) = postSolution
		SolutionGuid = {5387F2C2-235D-4627-B957-ECF33626B125}
	EndGlobalSection
EndGlobal
