
Microsoft Visual Studio Solution File, Format Version 12.00
# Visual Studio Version 17
VisualStudioVersion = 17.4.33213.308
MinimumVisualStudioVersion = 10.0.40219.1
Project("{FAE04EC0-301F-11D3-BF4B-00C04F79EFBC}") = "gender", "gender.csproj", "{40F2379F-7DA4-49E5-9C20-21EE2D5B129D}"
EndProject
Global
	GlobalSection(SolutionConfigurationPlatforms) = preSolution
		Debug|Any CPU = Debug|Any CPU
		Release|Any CPU = Release|Any CPU
	EndGlobalSection
	GlobalSection(ProjectConfigurationPlatforms) = postSolution
		{40F2379F-7DA4-49E5-9C20-21EE2D5B129D}.Debug|Any CPU.ActiveCfg = Debug|Any CPU
		{40F2379F-7DA4-49E5-9C20-21EE2D5B129D}.Debug|Any CPU.Build.0 = Debug|Any CPU
		{40F2379F-7DA4-49E5-9C20-21EE2D5B129D}.Release|Any CPU.ActiveCfg = Release|Any CPU
		{40F2379F-7DA4-49E5-9C20-21EE2D5B129D}.Release|Any CPU.Build.0 = Release|Any CPU
	EndGlobalSection
	GlobalSection(SolutionProperties) = preSolution
		HideSolutionNode = FALSE
	EndGlobalSection
	GlobalSection(ExtensibilityGlobals) = postSolution
		SolutionGuid = {DE9F85D4-F5A0-4334-8074-3FF3763E1DFB}
	EndGlobalSection
EndGlobal
