
Microsoft Visual Studio Solution File, Format Version 12.00
# Visual Studio Version 17
VisualStudioVersion = 17.4.33213.308
MinimumVisualStudioVersion = 10.0.40219.1
Project("{FAE04EC0-301F-11D3-BF4B-00C04F79EFBC}") = "Weekend or WordDay", "Weekend or WordDay.csproj", "{A96A8886-6FA1-449F-B990-F924AE635EF5}"
EndProject
Global
	GlobalSection(SolutionConfigurationPlatforms) = preSolution
		Debug|Any CPU = Debug|Any CPU
		Release|Any CPU = Release|Any CPU
	EndGlobalSection
	GlobalSection(ProjectConfigurationPlatforms) = postSolution
		{A96A8886-6FA1-449F-B990-F924AE635EF5}.Debug|Any CPU.ActiveCfg = Debug|Any CPU
		{A96A8886-6FA1-449F-B990-F924AE635EF5}.Debug|Any CPU.Build.0 = Debug|Any CPU
		{A96A8886-6FA1-449F-B990-F924AE635EF5}.Release|Any CPU.ActiveCfg = Release|Any CPU
		{A96A8886-6FA1-449F-B990-F924AE635EF5}.Release|Any CPU.Build.0 = Release|Any CPU
	EndGlobalSection
	GlobalSection(SolutionProperties) = preSolution
		HideSolutionNode = FALSE
	EndGlobalSection
	GlobalSection(ExtensibilityGlobals) = postSolution
		SolutionGuid = {89193876-E2A3-4D40-A4F3-0322C8D45879}
	EndGlobalSection
EndGlobal
